<?xml version="1.0" encoding="UTF-8"?>
<!DOCTYPE plist PUBLIC "-//Apple//DTD PLIST 1.0//EN" "http://www.apple.com/DTDs/PropertyList-1.0.dtd">
<plist version="1.0">
<dict>
	<key>archiveVersion</key>
	<string>1</string>
	<key>classes</key>
	<dict/>
	<key>objectVersion</key>
	<string>46</string>
	<key>objects</key>
	<dict>
		<key>069B5A5047DA402DBA701AAB</key>
		<dict>
			<key>fileRef</key>
			<string>52B6276BB0C4439DBC3F31B7</string>
			<key>isa</key>
			<string>PBXBuildFile</string>
		</dict>
		<key>24DA8879ADA34CE29B9AAD92</key>
		<dict>
			<key>buildActionMask</key>
			<string>2147483647</string>
			<key>files</key>
			<array/>
			<key>inputPaths</key>
			<array/>
			<key>isa</key>
			<string>PBXShellScriptBuildPhase</string>
			<key>name</key>
			<string>Check Pods Manifest.lock</string>
			<key>outputPaths</key>
			<array/>
			<key>runOnlyForDeploymentPostprocessing</key>
			<string>0</string>
			<key>shellPath</key>
			<string>/bin/sh</string>
			<key>shellScript</key>
			<string>diff "${PODS_ROOT}/../Podfile.lock" "${PODS_ROOT}/Manifest.lock" &gt; /dev/null
if [[ $? != 0 ]] ; then
    cat &lt;&lt; EOM
error: The sandbox is not in sync with the Podfile.lock. Run 'pod install' or update your CocoaPods installation.
EOM
    exit 1
fi
</string>
			<key>showEnvVarsInLog</key>
			<string>0</string>
		</dict>
		<key>368B6960A0D5418292E0955D</key>
		<dict>
			<key>explicitFileType</key>
			<string>archive.ar</string>
			<key>includeInIndex</key>
			<string>0</string>
			<key>isa</key>
			<string>PBXFileReference</string>
			<key>path</key>
			<string>libPods.a</string>
			<key>sourceTree</key>
			<string>BUILT_PRODUCTS_DIR</string>
		</dict>
		<key>52B6276BB0C4439DBC3F31B7</key>
		<dict>
			<key>explicitFileType</key>
			<string>archive.ar</string>
			<key>includeInIndex</key>
			<string>0</string>
			<key>isa</key>
			<string>PBXFileReference</string>
			<key>path</key>
			<string>libPods-VKClientTests.a</string>
			<key>sourceTree</key>
			<string>BUILT_PRODUCTS_DIR</string>
		</dict>
		<key>6A79D7CD0597448ABA7E655C</key>
		<dict>
			<key>buildActionMask</key>
			<string>2147483647</string>
			<key>files</key>
			<array/>
			<key>inputPaths</key>
			<array/>
			<key>isa</key>
			<string>PBXShellScriptBuildPhase</string>
			<key>name</key>
			<string>Copy Pods Resources</string>
			<key>outputPaths</key>
			<array/>
			<key>runOnlyForDeploymentPostprocessing</key>
			<string>0</string>
			<key>shellPath</key>
			<string>/bin/sh</string>
			<key>shellScript</key>
			<string>"${SRCROOT}/Pods/Pods-VKClientTests-resources.sh"
</string>
			<key>showEnvVarsInLog</key>
			<string>0</string>
		</dict>
		<key>74D97826AD4946049983554F</key>
		<dict>
			<key>includeInIndex</key>
			<string>1</string>
			<key>isa</key>
			<string>PBXFileReference</string>
			<key>lastKnownFileType</key>
			<string>text.xcconfig</string>
			<key>name</key>
			<string>Pods.xcconfig</string>
			<key>path</key>
			<string>Pods/Pods.xcconfig</string>
			<key>sourceTree</key>
			<string>&lt;group&gt;</string>
		</dict>
		<key>83179AF907904048BC3DF6E5</key>
		<dict>
			<key>fileRef</key>
			<string>368B6960A0D5418292E0955D</string>
			<key>isa</key>
			<string>PBXBuildFile</string>
		</dict>
		<key>9ADC161080C44F398317968E</key>
		<dict>
			<key>includeInIndex</key>
			<string>1</string>
			<key>isa</key>
			<string>PBXFileReference</string>
			<key>lastKnownFileType</key>
			<string>text.xcconfig</string>
			<key>name</key>
			<string>Pods-VKClientTests.xcconfig</string>
			<key>path</key>
			<string>Pods/Pods-VKClientTests.xcconfig</string>
			<key>sourceTree</key>
			<string>&lt;group&gt;</string>
		</dict>
		<key>B0F0ED7FE76A40388C341F51</key>
		<dict>
			<key>buildActionMask</key>
			<string>2147483647</string>
			<key>files</key>
			<array/>
			<key>inputPaths</key>
			<array/>
			<key>isa</key>
			<string>PBXShellScriptBuildPhase</string>
			<key>name</key>
			<string>Copy Pods Resources</string>
			<key>outputPaths</key>
			<array/>
			<key>runOnlyForDeploymentPostprocessing</key>
			<string>0</string>
			<key>shellPath</key>
			<string>/bin/sh</string>
			<key>shellScript</key>
			<string>"${SRCROOT}/Pods/Pods-resources.sh"
</string>
			<key>showEnvVarsInLog</key>
			<string>0</string>
		</dict>
		<key>FA28501117FDFE69001D0BBB</key>
		<dict>
			<key>children</key>
			<array>
				<string>FA28502317FDFE69001D0BBB</string>
				<string>FA28504517FDFE6A001D0BBB</string>
				<string>FA28501C17FDFE69001D0BBB</string>
				<string>FA28501B17FDFE69001D0BBB</string>
				<string>74D97826AD4946049983554F</string>
				<string>9ADC161080C44F398317968E</string>
			</array>
			<key>isa</key>
			<string>PBXGroup</string>
			<key>sourceTree</key>
			<string>&lt;group&gt;</string>
		</dict>
		<key>FA28501217FDFE69001D0BBB</key>
		<dict>
			<key>attributes</key>
			<dict>
				<key>LastUpgradeCheck</key>
				<string>0500</string>
				<key>ORGANIZATIONNAME</key>
				<string>&#1040;&#1085;&#1090;&#1086;&#1085; &#1044;&#1086;&#1084;&#1072;&#1096;&#1085;&#1077;&#1074;</string>
				<key>TargetAttributes</key>
				<dict>
					<key>FA28503D17FDFE69001D0BBB</key>
					<dict>
						<key>TestTargetID</key>
						<string>FA28501917FDFE69001D0BBB</string>
					</dict>
				</dict>
			</dict>
			<key>buildConfigurationList</key>
			<string>FA28501517FDFE69001D0BBB</string>
			<key>compatibilityVersion</key>
			<string>Xcode 3.2</string>
			<key>developmentRegion</key>
			<string>English</string>
			<key>hasScannedForEncodings</key>
			<string>0</string>
			<key>isa</key>
			<string>PBXProject</string>
			<key>knownRegions</key>
			<array>
				<string>en</string>
				<string>Base</string>
			</array>
			<key>mainGroup</key>
			<string>FA28501117FDFE69001D0BBB</string>
			<key>productRefGroup</key>
			<string>FA28501B17FDFE69001D0BBB</string>
			<key>projectDirPath</key>
			<string></string>
			<key>projectReferences</key>
			<array/>
			<key>projectRoot</key>
			<string></string>
			<key>targets</key>
			<array>
				<string>FA28501917FDFE69001D0BBB</string>
				<string>FA28503D17FDFE69001D0BBB</string>
			</array>
		</dict>
		<key>FA28501517FDFE69001D0BBB</key>
		<dict>
			<key>buildConfigurations</key>
			<array>
				<string>FA28504D17FDFE6A001D0BBB</string>
				<string>FA28504E17FDFE6A001D0BBB</string>
			</array>
			<key>defaultConfigurationIsVisible</key>
			<string>0</string>
			<key>defaultConfigurationName</key>
			<string>Release</string>
			<key>isa</key>
			<string>XCConfigurationList</string>
		</dict>
		<key>FA28501617FDFE69001D0BBB</key>
		<dict>
			<key>buildActionMask</key>
			<string>2147483647</string>
			<key>files</key>
			<array>
				<string>FA28503717FDFE69001D0BBB</string>
				<string>FA28502E17FDFE69001D0BBB</string>
				<string>FA28502A17FDFE69001D0BBB</string>
			</array>
			<key>isa</key>
			<string>PBXSourcesBuildPhase</string>
			<key>runOnlyForDeploymentPostprocessing</key>
			<string>0</string>
		</dict>
		<key>FA28501717FDFE69001D0BBB</key>
		<dict>
			<key>buildActionMask</key>
			<string>2147483647</string>
			<key>files</key>
			<array>
				<string>FA28502017FDFE69001D0BBB</string>
				<string>FA28502217FDFE69001D0BBB</string>
				<string>FA28501E17FDFE69001D0BBB</string>
				<string>83179AF907904048BC3DF6E5</string>
			</array>
			<key>isa</key>
			<string>PBXFrameworksBuildPhase</string>
			<key>runOnlyForDeploymentPostprocessing</key>
			<string>0</string>
		</dict>
		<key>FA28501817FDFE69001D0BBB</key>
		<dict>
			<key>buildActionMask</key>
			<string>2147483647</string>
			<key>files</key>
			<array>
				<string>FA28503417FDFE69001D0BBB</string>
				<string>FA28503917FDFE69001D0BBB</string>
				<string>FA28503117FDFE69001D0BBB</string>
				<string>FA28502817FDFE69001D0BBB</string>
			</array>
			<key>isa</key>
			<string>PBXResourcesBuildPhase</string>
			<key>runOnlyForDeploymentPostprocessing</key>
			<string>0</string>
		</dict>
		<key>FA28501917FDFE69001D0BBB</key>
		<dict>
			<key>buildConfigurationList</key>
			<string>FA28504F17FDFE6A001D0BBB</string>
			<key>buildPhases</key>
			<array>
				<string>FD01DA918F8E4DFABA583F96</string>
				<string>FA28501617FDFE69001D0BBB</string>
				<string>FA28501717FDFE69001D0BBB</string>
				<string>FA28501817FDFE69001D0BBB</string>
				<string>B0F0ED7FE76A40388C341F51</string>
			</array>
			<key>buildRules</key>
			<array/>
			<key>dependencies</key>
			<array/>
			<key>isa</key>
			<string>PBXNativeTarget</string>
			<key>name</key>
			<string>VKClient</string>
			<key>productName</key>
			<string>VKClient</string>
			<key>productReference</key>
			<string>FA28501A17FDFE69001D0BBB</string>
			<key>productType</key>
			<string>com.apple.product-type.application</string>
		</dict>
		<key>FA28501A17FDFE69001D0BBB</key>
		<dict>
			<key>explicitFileType</key>
			<string>wrapper.application</string>
			<key>includeInIndex</key>
			<string>0</string>
			<key>isa</key>
			<string>PBXFileReference</string>
			<key>path</key>
			<string>VKClient.app</string>
			<key>sourceTree</key>
			<string>BUILT_PRODUCTS_DIR</string>
		</dict>
		<key>FA28501B17FDFE69001D0BBB</key>
		<dict>
			<key>children</key>
			<array>
				<string>FA28501A17FDFE69001D0BBB</string>
				<string>FA28503E17FDFE69001D0BBB</string>
			</array>
			<key>isa</key>
			<string>PBXGroup</string>
			<key>name</key>
			<string>Products</string>
			<key>sourceTree</key>
			<string>&lt;group&gt;</string>
		</dict>
		<key>FA28501C17FDFE69001D0BBB</key>
		<dict>
			<key>children</key>
			<array>
				<string>FA28501D17FDFE69001D0BBB</string>
				<string>FA28501F17FDFE69001D0BBB</string>
				<string>FA28502117FDFE69001D0BBB</string>
				<string>FA28503F17FDFE69001D0BBB</string>
				<string>368B6960A0D5418292E0955D</string>
				<string>52B6276BB0C4439DBC3F31B7</string>
			</array>
			<key>isa</key>
			<string>PBXGroup</string>
			<key>name</key>
			<string>Frameworks</string>
			<key>sourceTree</key>
			<string>&lt;group&gt;</string>
		</dict>
		<key>FA28501D17FDFE69001D0BBB</key>
		<dict>
			<key>isa</key>
			<string>PBXFileReference</string>
			<key>lastKnownFileType</key>
			<string>wrapper.framework</string>
			<key>name</key>
			<string>Foundation.framework</string>
			<key>path</key>
			<string>System/Library/Frameworks/Foundation.framework</string>
			<key>sourceTree</key>
			<string>SDKROOT</string>
		</dict>
		<key>FA28501E17FDFE69001D0BBB</key>
		<dict>
			<key>fileRef</key>
			<string>FA28501D17FDFE69001D0BBB</string>
			<key>isa</key>
			<string>PBXBuildFile</string>
		</dict>
		<key>FA28501F17FDFE69001D0BBB</key>
		<dict>
			<key>isa</key>
			<string>PBXFileReference</string>
			<key>lastKnownFileType</key>
			<string>wrapper.framework</string>
			<key>name</key>
			<string>CoreGraphics.framework</string>
			<key>path</key>
			<string>System/Library/Frameworks/CoreGraphics.framework</string>
			<key>sourceTree</key>
			<string>SDKROOT</string>
		</dict>
		<key>FA28502017FDFE69001D0BBB</key>
		<dict>
			<key>fileRef</key>
			<string>FA28501F17FDFE69001D0BBB</string>
			<key>isa</key>
			<string>PBXBuildFile</string>
		</dict>
		<key>FA28502117FDFE69001D0BBB</key>
		<dict>
			<key>isa</key>
			<string>PBXFileReference</string>
			<key>lastKnownFileType</key>
			<string>wrapper.framework</string>
			<key>name</key>
			<string>UIKit.framework</string>
			<key>path</key>
			<string>System/Library/Frameworks/UIKit.framework</string>
			<key>sourceTree</key>
			<string>SDKROOT</string>
		</dict>
		<key>FA28502217FDFE69001D0BBB</key>
		<dict>
			<key>fileRef</key>
			<string>FA28502117FDFE69001D0BBB</string>
			<key>isa</key>
			<string>PBXBuildFile</string>
		</dict>
		<key>FA28502317FDFE69001D0BBB</key>
		<dict>
			<key>children</key>
			<array>
				<string>FA28502C17FDFE69001D0BBB</string>
				<string>FA28502D17FDFE69001D0BBB</string>
				<string>FA28502F17FDFE69001D0BBB</string>
				<string>FA28503217FDFE69001D0BBB</string>
				<string>FA28503517FDFE69001D0BBB</string>
				<string>FA28503617FDFE69001D0BBB</string>
				<string>FA28503817FDFE69001D0BBB</string>
				<string>FA28502417FDFE69001D0BBB</string>
			</array>
			<key>isa</key>
			<string>PBXGroup</string>
			<key>path</key>
			<string>VKClient</string>
			<key>sourceTree</key>
			<string>&lt;group&gt;</string>
		</dict>
		<key>FA28502417FDFE69001D0BBB</key>
		<dict>
			<key>children</key>
			<array>
				<string>FA28502517FDFE69001D0BBB</string>
				<string>FA28502617FDFE69001D0BBB</string>
				<string>FA28502917FDFE69001D0BBB</string>
				<string>FA28502B17FDFE69001D0BBB</string>
			</array>
			<key>isa</key>
			<string>PBXGroup</string>
			<key>name</key>
			<string>Supporting Files</string>
			<key>sourceTree</key>
			<string>&lt;group&gt;</string>
		</dict>
		<key>FA28502517FDFE69001D0BBB</key>
		<dict>
			<key>isa</key>
			<string>PBXFileReference</string>
			<key>lastKnownFileType</key>
			<string>text.plist.xml</string>
			<key>path</key>
			<string>VKClient-Info.plist</string>
			<key>sourceTree</key>
			<string>&lt;group&gt;</string>
		</dict>
		<key>FA28502617FDFE69001D0BBB</key>
		<dict>
			<key>children</key>
			<array>
				<string>FA28502717FDFE69001D0BBB</string>
			</array>
			<key>isa</key>
			<string>PBXVariantGroup</string>
			<key>name</key>
			<string>InfoPlist.strings</string>
			<key>sourceTree</key>
			<string>&lt;group&gt;</string>
		</dict>
		<key>FA28502717FDFE69001D0BBB</key>
		<dict>
			<key>isa</key>
			<string>PBXFileReference</string>
			<key>lastKnownFileType</key>
			<string>text.plist.strings</string>
			<key>name</key>
			<string>en</string>
			<key>path</key>
			<string>en.lproj/InfoPlist.strings</string>
			<key>sourceTree</key>
			<string>&lt;group&gt;</string>
		</dict>
		<key>FA28502817FDFE69001D0BBB</key>
		<dict>
			<key>fileRef</key>
			<string>FA28502617FDFE69001D0BBB</string>
			<key>isa</key>
			<string>PBXBuildFile</string>
		</dict>
		<key>FA28502917FDFE69001D0BBB</key>
		<dict>
			<key>isa</key>
			<string>PBXFileReference</string>
			<key>lastKnownFileType</key>
			<string>sourcecode.c.objc</string>
			<key>path</key>
			<string>main.m</string>
			<key>sourceTree</key>
			<string>&lt;group&gt;</string>
		</dict>
		<key>FA28502A17FDFE69001D0BBB</key>
		<dict>
			<key>fileRef</key>
			<string>FA28502917FDFE69001D0BBB</string>
			<key>isa</key>
			<string>PBXBuildFile</string>
		</dict>
		<key>FA28502B17FDFE69001D0BBB</key>
		<dict>
			<key>isa</key>
			<string>PBXFileReference</string>
			<key>lastKnownFileType</key>
			<string>sourcecode.c.h</string>
			<key>path</key>
			<string>VKClient-Prefix.pch</string>
			<key>sourceTree</key>
			<string>&lt;group&gt;</string>
		</dict>
		<key>FA28502C17FDFE69001D0BBB</key>
		<dict>
			<key>isa</key>
			<string>PBXFileReference</string>
			<key>lastKnownFileType</key>
			<string>sourcecode.c.h</string>
			<key>path</key>
			<string>AppDelegate.h</string>
			<key>sourceTree</key>
			<string>&lt;group&gt;</string>
		</dict>
		<key>FA28502D17FDFE69001D0BBB</key>
		<dict>
			<key>isa</key>
			<string>PBXFileReference</string>
			<key>lastKnownFileType</key>
			<string>sourcecode.c.objc</string>
			<key>path</key>
			<string>AppDelegate.m</string>
			<key>sourceTree</key>
			<string>&lt;group&gt;</string>
		</dict>
		<key>FA28502E17FDFE69001D0BBB</key>
		<dict>
			<key>fileRef</key>
			<string>FA28502D17FDFE69001D0BBB</string>
			<key>isa</key>
			<string>PBXBuildFile</string>
		</dict>
		<key>FA28502F17FDFE69001D0BBB</key>
		<dict>
			<key>children</key>
			<array>
				<string>FA28503017FDFE69001D0BBB</string>
			</array>
			<key>isa</key>
			<string>PBXVariantGroup</string>
			<key>name</key>
			<string>Main_iPhone.storyboard</string>
			<key>sourceTree</key>
			<string>&lt;group&gt;</string>
		</dict>
		<key>FA28503017FDFE69001D0BBB</key>
		<dict>
			<key>isa</key>
			<string>PBXFileReference</string>
			<key>lastKnownFileType</key>
			<string>file.storyboard</string>
			<key>name</key>
			<string>Base</string>
			<key>path</key>
			<string>Base.lproj/Main_iPhone.storyboard</string>
			<key>sourceTree</key>
			<string>&lt;group&gt;</string>
		</dict>
		<key>FA28503117FDFE69001D0BBB</key>
		<dict>
			<key>fileRef</key>
			<string>FA28502F17FDFE69001D0BBB</string>
			<key>isa</key>
			<string>PBXBuildFile</string>
		</dict>
		<key>FA28503217FDFE69001D0BBB</key>
		<dict>
			<key>children</key>
			<array>
				<string>FA28503317FDFE69001D0BBB</string>
			</array>
			<key>isa</key>
			<string>PBXVariantGroup</string>
			<key>name</key>
			<string>Main_iPad.storyboard</string>
			<key>sourceTree</key>
			<string>&lt;group&gt;</string>
		</dict>
		<key>FA28503317FDFE69001D0BBB</key>
		<dict>
			<key>isa</key>
			<string>PBXFileReference</string>
			<key>lastKnownFileType</key>
			<string>file.storyboard</string>
			<key>name</key>
			<string>Base</string>
			<key>path</key>
			<string>Base.lproj/Main_iPad.storyboard</string>
			<key>sourceTree</key>
			<string>&lt;group&gt;</string>
		</dict>
		<key>FA28503417FDFE69001D0BBB</key>
		<dict>
			<key>fileRef</key>
			<string>FA28503217FDFE69001D0BBB</string>
			<key>isa</key>
			<string>PBXBuildFile</string>
		</dict>
		<key>FA28503517FDFE69001D0BBB</key>
		<dict>
			<key>isa</key>
			<string>PBXFileReference</string>
			<key>lastKnownFileType</key>
			<string>sourcecode.c.h</string>
			<key>path</key>
			<string>ViewController.h</string>
			<key>sourceTree</key>
			<string>&lt;group&gt;</string>
		</dict>
		<key>FA28503617FDFE69001D0BBB</key>
		<dict>
			<key>isa</key>
			<string>PBXFileReference</string>
			<key>lastKnownFileType</key>
			<string>sourcecode.c.objc</string>
			<key>path</key>
			<string>ViewController.m</string>
			<key>sourceTree</key>
			<string>&lt;group&gt;</string>
		</dict>
		<key>FA28503717FDFE69001D0BBB</key>
		<dict>
			<key>fileRef</key>
			<string>FA28503617FDFE69001D0BBB</string>
			<key>isa</key>
			<string>PBXBuildFile</string>
		</dict>
		<key>FA28503817FDFE69001D0BBB</key>
		<dict>
			<key>isa</key>
			<string>PBXFileReference</string>
			<key>lastKnownFileType</key>
			<string>folder.assetcatalog</string>
			<key>path</key>
			<string>Images.xcassets</string>
			<key>sourceTree</key>
			<string>&lt;group&gt;</string>
		</dict>
		<key>FA28503917FDFE69001D0BBB</key>
		<dict>
			<key>fileRef</key>
			<string>FA28503817FDFE69001D0BBB</string>
			<key>isa</key>
			<string>PBXBuildFile</string>
		</dict>
		<key>FA28503A17FDFE69001D0BBB</key>
		<dict>
			<key>buildActionMask</key>
			<string>2147483647</string>
			<key>files</key>
			<array>
				<string>FA28504C17FDFE6A001D0BBB</string>
			</array>
			<key>isa</key>
			<string>PBXSourcesBuildPhase</string>
			<key>runOnlyForDeploymentPostprocessing</key>
			<string>0</string>
		</dict>
		<key>FA28503B17FDFE69001D0BBB</key>
		<dict>
			<key>buildActionMask</key>
			<string>2147483647</string>
			<key>files</key>
			<array>
				<string>FA28504017FDFE69001D0BBB</string>
				<string>FA28504217FDFE69001D0BBB</string>
				<string>FA28504117FDFE69001D0BBB</string>
				<string>069B5A5047DA402DBA701AAB</string>
			</array>
			<key>isa</key>
			<string>PBXFrameworksBuildPhase</string>
			<key>runOnlyForDeploymentPostprocessing</key>
			<string>0</string>
		</dict>
		<key>FA28503C17FDFE69001D0BBB</key>
		<dict>
			<key>buildActionMask</key>
			<string>2147483647</string>
			<key>files</key>
			<array>
				<string>FA28504A17FDFE6A001D0BBB</string>
			</array>
			<key>isa</key>
			<string>PBXResourcesBuildPhase</string>
			<key>runOnlyForDeploymentPostprocessing</key>
			<string>0</string>
		</dict>
		<key>FA28503D17FDFE69001D0BBB</key>
		<dict>
			<key>buildConfigurationList</key>
			<string>FA28505217FDFE6A001D0BBB</string>
			<key>buildPhases</key>
			<array>
				<string>24DA8879ADA34CE29B9AAD92</string>
				<string>FA28503A17FDFE69001D0BBB</string>
				<string>FA28503B17FDFE69001D0BBB</string>
				<string>FA28503C17FDFE69001D0BBB</string>
				<string>6A79D7CD0597448ABA7E655C</string>
			</array>
			<key>buildRules</key>
			<array/>
			<key>dependencies</key>
			<array>
				<string>FA28504417FDFE6A001D0BBB</string>
			</array>
			<key>isa</key>
			<string>PBXNativeTarget</string>
			<key>name</key>
			<string>VKClientTests</string>
			<key>productName</key>
			<string>VKClientTests</string>
			<key>productReference</key>
			<string>FA28503E17FDFE69001D0BBB</string>
			<key>productType</key>
			<string>com.apple.product-type.bundle.unit-test</string>
		</dict>
		<key>FA28503E17FDFE69001D0BBB</key>
		<dict>
			<key>explicitFileType</key>
			<string>wrapper.cfbundle</string>
			<key>includeInIndex</key>
			<string>0</string>
			<key>isa</key>
			<string>PBXFileReference</string>
			<key>path</key>
			<string>VKClientTests.xctest</string>
			<key>sourceTree</key>
			<string>BUILT_PRODUCTS_DIR</string>
		</dict>
		<key>FA28503F17FDFE69001D0BBB</key>
		<dict>
			<key>isa</key>
			<string>PBXFileReference</string>
			<key>lastKnownFileType</key>
			<string>wrapper.framework</string>
			<key>name</key>
			<string>XCTest.framework</string>
			<key>path</key>
			<string>Library/Frameworks/XCTest.framework</string>
			<key>sourceTree</key>
			<string>DEVELOPER_DIR</string>
		</dict>
		<key>FA28504017FDFE69001D0BBB</key>
		<dict>
			<key>fileRef</key>
			<string>FA28503F17FDFE69001D0BBB</string>
			<key>isa</key>
			<string>PBXBuildFile</string>
		</dict>
		<key>FA28504117FDFE69001D0BBB</key>
		<dict>
			<key>fileRef</key>
			<string>FA28501D17FDFE69001D0BBB</string>
			<key>isa</key>
			<string>PBXBuildFile</string>
		</dict>
		<key>FA28504217FDFE69001D0BBB</key>
		<dict>
			<key>fileRef</key>
			<string>FA28502117FDFE69001D0BBB</string>
			<key>isa</key>
			<string>PBXBuildFile</string>
		</dict>
		<key>FA28504317FDFE6A001D0BBB</key>
		<dict>
			<key>containerPortal</key>
			<string>FA28501217FDFE69001D0BBB</string>
			<key>isa</key>
			<string>PBXContainerItemProxy</string>
			<key>proxyType</key>
			<string>1</string>
			<key>remoteGlobalIDString</key>
			<string>FA28501917FDFE69001D0BBB</string>
			<key>remoteInfo</key>
			<string>VKClient</string>
		</dict>
		<key>FA28504417FDFE6A001D0BBB</key>
		<dict>
			<key>isa</key>
			<string>PBXTargetDependency</string>
			<key>target</key>
			<string>FA28501917FDFE69001D0BBB</string>
			<key>targetProxy</key>
			<string>FA28504317FDFE6A001D0BBB</string>
		</dict>
		<key>FA28504517FDFE6A001D0BBB</key>
		<dict>
			<key>children</key>
			<array>
				<string>FA28504B17FDFE6A001D0BBB</string>
				<string>FA28504617FDFE6A001D0BBB</string>
			</array>
			<key>isa</key>
			<string>PBXGroup</string>
			<key>path</key>
			<string>VKClientTests</string>
			<key>sourceTree</key>
			<string>&lt;group&gt;</string>
		</dict>
		<key>FA28504617FDFE6A001D0BBB</key>
		<dict>
			<key>children</key>
			<array>
				<string>FA28504717FDFE6A001D0BBB</string>
				<string>FA28504817FDFE6A001D0BBB</string>
			</array>
			<key>isa</key>
			<string>PBXGroup</string>
			<key>name</key>
			<string>Supporting Files</string>
			<key>sourceTree</key>
			<string>&lt;group&gt;</string>
		</dict>
		<key>FA28504717FDFE6A001D0BBB</key>
		<dict>
			<key>isa</key>
			<string>PBXFileReference</string>
			<key>lastKnownFileType</key>
			<string>text.plist.xml</string>
			<key>path</key>
			<string>VKClientTests-Info.plist</string>
			<key>sourceTree</key>
			<string>&lt;group&gt;</string>
		</dict>
		<key>FA28504817FDFE6A001D0BBB</key>
		<dict>
			<key>children</key>
			<array>
				<string>FA28504917FDFE6A001D0BBB</string>
			</array>
			<key>isa</key>
			<string>PBXVariantGroup</string>
			<key>name</key>
			<string>InfoPlist.strings</string>
			<key>sourceTree</key>
			<string>&lt;group&gt;</string>
		</dict>
		<key>FA28504917FDFE6A001D0BBB</key>
		<dict>
			<key>isa</key>
			<string>PBXFileReference</string>
			<key>lastKnownFileType</key>
			<string>text.plist.strings</string>
			<key>name</key>
			<string>en</string>
			<key>path</key>
			<string>en.lproj/InfoPlist.strings</string>
			<key>sourceTree</key>
			<string>&lt;group&gt;</string>
		</dict>
		<key>FA28504A17FDFE6A001D0BBB</key>
		<dict>
			<key>fileRef</key>
			<string>FA28504817FDFE6A001D0BBB</string>
			<key>isa</key>
			<string>PBXBuildFile</string>
		</dict>
		<key>FA28504B17FDFE6A001D0BBB</key>
		<dict>
			<key>isa</key>
			<string>PBXFileReference</string>
			<key>lastKnownFileType</key>
			<string>sourcecode.c.objc</string>
			<key>path</key>
			<string>VKClientTests.m</string>
			<key>sourceTree</key>
			<string>&lt;group&gt;</string>
		</dict>
		<key>FA28504C17FDFE6A001D0BBB</key>
		<dict>
			<key>fileRef</key>
			<string>FA28504B17FDFE6A001D0BBB</string>
			<key>isa</key>
			<string>PBXBuildFile</string>
		</dict>
		<key>FA28504D17FDFE6A001D0BBB</key>
		<dict>
			<key>buildSettings</key>
			<dict>
				<key>ALWAYS_SEARCH_USER_PATHS</key>
				<string>NO</string>
				<key>ARCHS</key>
				<string>$(ARCHS_STANDARD_INCLUDING_64_BIT)</string>
				<key>CLANG_CXX_LANGUAGE_STANDARD</key>
				<string>gnu++0x</string>
				<key>CLANG_CXX_LIBRARY</key>
				<string>libc++</string>
				<key>CLANG_ENABLE_MODULES</key>
				<string>YES</string>
				<key>CLANG_ENABLE_OBJC_ARC</key>
				<string>YES</string>
				<key>CLANG_WARN_BOOL_CONVERSION</key>
				<string>YES</string>
				<key>CLANG_WARN_CONSTANT_CONVERSION</key>
				<string>YES</string>
				<key>CLANG_WARN_DIRECT_OBJC_ISA_USAGE</key>
				<string>YES_ERROR</string>
				<key>CLANG_WARN_EMPTY_BODY</key>
				<string>YES</string>
				<key>CLANG_WARN_ENUM_CONVERSION</key>
				<string>YES</string>
				<key>CLANG_WARN_INT_CONVERSION</key>
				<string>YES</string>
				<key>CLANG_WARN_OBJC_ROOT_CLASS</key>
				<string>YES_ERROR</string>
				<key>CLANG_WARN__DUPLICATE_METHOD_MATCH</key>
				<string>YES</string>
				<key>CODE_SIGN_IDENTITY[sdk=iphoneos*]</key>
				<string>iPhone Developer</string>
				<key>COPY_PHASE_STRIP</key>
				<string>NO</string>
				<key>GCC_C_LANGUAGE_STANDARD</key>
				<string>gnu99</string>
				<key>GCC_DYNAMIC_NO_PIC</key>
				<string>NO</string>
				<key>GCC_OPTIMIZATION_LEVEL</key>
				<string>0</string>
				<key>GCC_PREPROCESSOR_DEFINITIONS</key>
				<array>
					<string>DEBUG=1</string>
					<string>$(inherited)</string>
				</array>
				<key>GCC_SYMBOLS_PRIVATE_EXTERN</key>
				<string>NO</string>
				<key>GCC_WARN_64_TO_32_BIT_CONVERSION</key>
				<string>YES</string>
				<key>GCC_WARN_ABOUT_RETURN_TYPE</key>
				<string>YES_ERROR</string>
				<key>GCC_WARN_UNDECLARED_SELECTOR</key>
				<string>YES</string>
				<key>GCC_WARN_UNINITIALIZED_AUTOS</key>
				<string>YES</string>
				<key>GCC_WARN_UNUSED_FUNCTION</key>
				<string>YES</string>
				<key>GCC_WARN_UNUSED_VARIABLE</key>
				<string>YES</string>
				<key>IPHONEOS_DEPLOYMENT_TARGET</key>
				<string>7.0</string>
				<key>ONLY_ACTIVE_ARCH</key>
				<string>YES</string>
				<key>SDKROOT</key>
				<string>iphoneos</string>
				<key>TARGETED_DEVICE_FAMILY</key>
				<string>1,2</string>
			</dict>
			<key>isa</key>
			<string>XCBuildConfiguration</string>
			<key>name</key>
			<string>Debug</string>
		</dict>
		<key>FA28504E17FDFE6A001D0BBB</key>
		<dict>
			<key>buildSettings</key>
			<dict>
				<key>ALWAYS_SEARCH_USER_PATHS</key>
				<string>NO</string>
				<key>ARCHS</key>
				<string>$(ARCHS_STANDARD_INCLUDING_64_BIT)</string>
				<key>CLANG_CXX_LANGUAGE_STANDARD</key>
				<string>gnu++0x</string>
				<key>CLANG_CXX_LIBRARY</key>
				<string>libc++</string>
				<key>CLANG_ENABLE_MODULES</key>
				<string>YES</string>
				<key>CLANG_ENABLE_OBJC_ARC</key>
				<string>YES</string>
				<key>CLANG_WARN_BOOL_CONVERSION</key>
				<string>YES</string>
				<key>CLANG_WARN_CONSTANT_CONVERSION</key>
				<string>YES</string>
				<key>CLANG_WARN_DIRECT_OBJC_ISA_USAGE</key>
				<string>YES_ERROR</string>
				<key>CLANG_WARN_EMPTY_BODY</key>
				<string>YES</string>
				<key>CLANG_WARN_ENUM_CONVERSION</key>
				<string>YES</string>
				<key>CLANG_WARN_INT_CONVERSION</key>
				<string>YES</string>
				<key>CLANG_WARN_OBJC_ROOT_CLASS</key>
				<string>YES_ERROR</string>
				<key>CLANG_WARN__DUPLICATE_METHOD_MATCH</key>
				<string>YES</string>
				<key>CODE_SIGN_IDENTITY[sdk=iphoneos*]</key>
				<string>iPhone Developer</string>
				<key>COPY_PHASE_STRIP</key>
				<string>YES</string>
				<key>ENABLE_NS_ASSERTIONS</key>
				<string>NO</string>
				<key>GCC_C_LANGUAGE_STANDARD</key>
				<string>gnu99</string>
				<key>GCC_WARN_64_TO_32_BIT_CONVERSION</key>
				<string>YES</string>
				<key>GCC_WARN_ABOUT_RETURN_TYPE</key>
				<string>YES_ERROR</string>
				<key>GCC_WARN_UNDECLARED_SELECTOR</key>
				<string>YES</string>
				<key>GCC_WARN_UNINITIALIZED_AUTOS</key>
				<string>YES</string>
				<key>GCC_WARN_UNUSED_FUNCTION</key>
				<string>YES</string>
				<key>GCC_WARN_UNUSED_VARIABLE</key>
				<string>YES</string>
				<key>IPHONEOS_DEPLOYMENT_TARGET</key>
				<string>7.0</string>
				<key>SDKROOT</key>
				<string>iphoneos</string>
				<key>TARGETED_DEVICE_FAMILY</key>
				<string>1,2</string>
				<key>VALIDATE_PRODUCT</key>
				<string>YES</string>
			</dict>
			<key>isa</key>
			<string>XCBuildConfiguration</string>
			<key>name</key>
			<string>Release</string>
		</dict>
		<key>FA28504F17FDFE6A001D0BBB</key>
		<dict>
			<key>buildConfigurations</key>
			<array>
				<string>FA28505017FDFE6A001D0BBB</string>
				<string>FA28505117FDFE6A001D0BBB</string>
			</array>
			<key>defaultConfigurationIsVisible</key>
			<string>0</string>
			<key>isa</key>
			<string>XCConfigurationList</string>
		</dict>
		<key>FA28505017FDFE6A001D0BBB</key>
		<dict>
			<key>baseConfigurationReference</key>
			<string>74D97826AD4946049983554F</string>
			<key>buildSettings</key>
			<dict>
				<key>ASSETCATALOG_COMPILER_APPICON_NAME</key>
				<string>AppIcon</string>
				<key>ASSETCATALOG_COMPILER_LAUNCHIMAGE_NAME</key>
				<string>LaunchImage</string>
				<key>GCC_PRECOMPILE_PREFIX_HEADER</key>
				<string>YES</string>
				<key>GCC_PREFIX_HEADER</key>
				<string>VKClient/VKClient-Prefix.pch</string>
				<key>INFOPLIST_FILE</key>
				<string>VKClient/VKClient-Info.plist</string>
				<key>PRODUCT_NAME</key>
				<string>$(TARGET_NAME)</string>
				<key>WRAPPER_EXTENSION</key>
				<string>app</string>
			</dict>
			<key>isa</key>
			<string>XCBuildConfiguration</string>
			<key>name</key>
			<string>Debug</string>
		</dict>
		<key>FA28505117FDFE6A001D0BBB</key>
		<dict>
			<key>baseConfigurationReference</key>
			<string>74D97826AD4946049983554F</string>
			<key>buildSettings</key>
			<dict>
				<key>ASSETCATALOG_COMPILER_APPICON_NAME</key>
				<string>AppIcon</string>
				<key>ASSETCATALOG_COMPILER_LAUNCHIMAGE_NAME</key>
				<string>LaunchImage</string>
				<key>GCC_PRECOMPILE_PREFIX_HEADER</key>
				<string>YES</string>
				<key>GCC_PREFIX_HEADER</key>
				<string>VKClient/VKClient-Prefix.pch</string>
				<key>INFOPLIST_FILE</key>
				<string>VKClient/VKClient-Info.plist</string>
				<key>PRODUCT_NAME</key>
				<string>$(TARGET_NAME)</string>
				<key>WRAPPER_EXTENSION</key>
				<string>app</string>
			</dict>
			<key>isa</key>
			<string>XCBuildConfiguration</string>
			<key>name</key>
			<string>Release</string>
		</dict>
		<key>FA28505217FDFE6A001D0BBB</key>
		<dict>
			<key>buildConfigurations</key>
			<array>
				<string>FA28505317FDFE6A001D0BBB</string>
				<string>FA28505417FDFE6A001D0BBB</string>
			</array>
			<key>defaultConfigurationIsVisible</key>
			<string>0</string>
			<key>isa</key>
			<string>XCConfigurationList</string>
		</dict>
		<key>FA28505317FDFE6A001D0BBB</key>
		<dict>
			<key>baseConfigurationReference</key>
			<string>9ADC161080C44F398317968E</string>
			<key>buildSettings</key>
			<dict>
				<key>ARCHS</key>
				<string>$(ARCHS_STANDARD_INCLUDING_64_BIT)</string>
				<key>BUNDLE_LOADER</key>
				<string>$(BUILT_PRODUCTS_DIR)/VKClient.app/VKClient</string>
				<key>FRAMEWORK_SEARCH_PATHS</key>
				<array>
					<string>$(SDKROOT)/Developer/Library/Frameworks</string>
					<string>$(inherited)</string>
					<string>$(DEVELOPER_FRAMEWORKS_DIR)</string>
				</array>
				<key>GCC_PRECOMPILE_PREFIX_HEADER</key>
				<string>YES</string>
				<key>GCC_PREFIX_HEADER</key>
				<string>VKClient/VKClient-Prefix.pch</string>
				<key>GCC_PREPROCESSOR_DEFINITIONS</key>
				<array>
					<string>DEBUG=1</string>
					<string>$(inherited)</string>
				</array>
				<key>INFOPLIST_FILE</key>
				<string>VKClientTests/VKClientTests-Info.plist</string>
				<key>PRODUCT_NAME</key>
				<string>$(TARGET_NAME)</string>
				<key>TEST_HOST</key>
				<string>$(BUNDLE_LOADER)</string>
				<key>WRAPPER_EXTENSION</key>
				<string>xctest</string>
			</dict>
			<key>isa</key>
			<string>XCBuildConfiguration</string>
			<key>name</key>
			<string>Debug</string>
		</dict>
		<key>FA28505417FDFE6A001D0BBB</key>
		<dict>
			<key>baseConfigurationReference</key>
			<string>9ADC161080C44F398317968E</string>
			<key>buildSettings</key>
			<dict>
				<key>ARCHS</key>
				<string>$(ARCHS_STANDARD_INCLUDING_64_BIT)</string>
				<key>BUNDLE_LOADER</key>
				<string>$(BUILT_PRODUCTS_DIR)/VKClient.app/VKClient</string>
				<key>FRAMEWORK_SEARCH_PATHS</key>
				<array>
					<string>$(SDKROOT)/Developer/Library/Frameworks</string>
					<string>$(inherited)</string>
					<string>$(DEVELOPER_FRAMEWORKS_DIR)</string>
				</array>
				<key>GCC_PRECOMPILE_PREFIX_HEADER</key>
				<string>YES</string>
				<key>GCC_PREFIX_HEADER</key>
				<string>VKClient/VKClient-Prefix.pch</string>
				<key>INFOPLIST_FILE</key>
				<string>VKClientTests/VKClientTests-Info.plist</string>
				<key>PRODUCT_NAME</key>
				<string>$(TARGET_NAME)</string>
				<key>TEST_HOST</key>
				<string>$(BUNDLE_LOADER)</string>
				<key>WRAPPER_EXTENSION</key>
				<string>xctest</string>
			</dict>
			<key>isa</key>
			<string>XCBuildConfiguration</string>
			<key>name</key>
			<string>Release</string>
		</dict>
		<key>FD01DA918F8E4DFABA583F96</key>
		<dict>
			<key>buildActionMask</key>
			<string>2147483647</string>
			<key>files</key>
			<array/>
			<key>inputPaths</key>
			<array/>
			<key>isa</key>
			<string>PBXShellScriptBuildPhase</string>
			<key>name</key>
			<string>Check Pods Manifest.lock</string>
			<key>outputPaths</key>
			<array/>
			<key>runOnlyForDeploymentPostprocessing</key>
			<string>0</string>
			<key>shellPath</key>
			<string>/bin/sh</string>
			<key>shellScript</key>
			<string>diff "${PODS_ROOT}/../Podfile.lock" "${PODS_ROOT}/Manifest.lock" &gt; /dev/null
if [[ $? != 0 ]] ; then
    cat &lt;&lt; EOM
error: The sandbox is not in sync with the Podfile.lock. Run 'pod install' or update your CocoaPods installation.
EOM
    exit 1
fi
</string>
			<key>showEnvVarsInLog</key>
			<string>0</string>
		</dict>
	</dict>
	<key>rootObject</key>
	<string>FA28501217FDFE69001D0BBB</string>
</dict>
</plist>
