// !$*UTF8*$!
{
	archiveVersion = 1;
	classes = {
	};
	objectVersion = 46;
	objects = {

/* Begin PBXBuildFile section */
		FA28501E17FDFE69001D0BBB /* Foundation.framework in Frameworks */ = {isa = PBXBuildFile; fileRef = FA28501D17FDFE69001D0BBB /* Foundation.framework */; };
		FA28502017FDFE69001D0BBB /* CoreGraphics.framework in Frameworks */ = {isa = PBXBuildFile; fileRef = FA28501F17FDFE69001D0BBB /* CoreGraphics.framework */; };
		FA28502217FDFE69001D0BBB /* UIKit.framework in Frameworks */ = {isa = PBXBuildFile; fileRef = FA28502117FDFE69001D0BBB /* UIKit.framework */; };
		FA28502817FDFE69001D0BBB /* InfoPlist.strings in Resources */ = {isa = PBXBuildFile; fileRef = FA28502617FDFE69001D0BBB /* InfoPlist.strings */; };
		FA28502A17FDFE69001D0BBB /* main.m in Sources */ = {isa = PBXBuildFile; fileRef = FA28502917FDFE69001D0BBB /* main.m */; };
		FA28502E17FDFE69001D0BBB /* AppDelegate.m in Sources */ = {isa = PBXBuildFile; fileRef = FA28502D17FDFE69001D0BBB /* AppDelegate.m */; };
		FA28503117FDFE69001D0BBB /* Main_iPhone.storyboard in Resources */ = {isa = PBXBuildFile; fileRef = FA28502F17FDFE69001D0BBB /* Main_iPhone.storyboard */; };
		FA28503417FDFE69001D0BBB /* Main_iPad.storyboard in Resources */ = {isa = PBXBuildFile; fileRef = FA28503217FDFE69001D0BBB /* Main_iPad.storyboard */; };
		FA28503717FDFE69001D0BBB /* ViewController.m in Sources */ = {isa = PBXBuildFile; fileRef = FA28503617FDFE69001D0BBB /* ViewController.m */; };
		FA28503917FDFE69001D0BBB /* Images.xcassets in Resources */ = {isa = PBXBuildFile; fileRef = FA28503817FDFE69001D0BBB /* Images.xcassets */; };
		FA28504017FDFE69001D0BBB /* XCTest.framework in Frameworks */ = {isa = PBXBuildFile; fileRef = FA28503F17FDFE69001D0BBB /* XCTest.framework */; };
		FA28504117FDFE69001D0BBB /* Foundation.framework in Frameworks */ = {isa = PBXBuildFile; fileRef = FA28501D17FDFE69001D0BBB /* Foundation.framework */; };
		FA28504217FDFE69001D0BBB /* UIKit.framework in Frameworks */ = {isa = PBXBuildFile; fileRef = FA28502117FDFE69001D0BBB /* UIKit.framework */; };
		FA28504A17FDFE6A001D0BBB /* InfoPlist.strings in Resources */ = {isa = PBXBuildFile; fileRef = FA28504817FDFE6A001D0BBB /* InfoPlist.strings */; };
		FA28504C17FDFE6A001D0BBB /* VKClientTests.m in Sources */ = {isa = PBXBuildFile; fileRef = FA28504B17FDFE6A001D0BBB /* VKClientTests.m */; };
/* End PBXBuildFile section */

/* Begin PBXContainerItemProxy section */
		FA28504317FDFE6A001D0BBB /* PBXContainerItemProxy */ = {
			isa = PBXContainerItemProxy;
			containerPortal = FA28501217FDFE69001D0BBB /* Project object */;
			proxyType = 1;
			remoteGlobalIDString = FA28501917FDFE69001D0BBB;
			remoteInfo = VKClient;
		};
/* End PBXContainerItemProxy section */

/* Begin PBXFileReference section */
		FA28501A17FDFE69001D0BBB /* VKClient.app */ = {isa = PBXFileReference; explicitFileType = wrapper.application; includeInIndex = 0; path = VKClient.app; sourceTree = BUILT_PRODUCTS_DIR; };
		FA28501D17FDFE69001D0BBB /* Foundation.framework */ = {isa = PBXFileReference; lastKnownFileType = wrapper.framework; name = Foundation.framework; path = System/Library/Frameworks/Foundation.framework; sourceTree = SDKROOT; };
		FA28501F17FDFE69001D0BBB /* CoreGraphics.framework */ = {isa = PBXFileReference; lastKnownFileType = wrapper.framework; name = CoreGraphics.framework; path = System/Library/Frameworks/CoreGraphics.framework; sourceTree = SDKROOT; };
		FA28502117FDFE69001D0BBB /* UIKit.framework */ = {isa = PBXFileReference; lastKnownFileType = wrapper.framework; name = UIKit.framework; path = System/Library/Frameworks/UIKit.framework; sourceTree = SDKROOT; };
		FA28502517FDFE69001D0BBB /* VKClient-Info.plist */ = {isa = PBXFileReference; lastKnownFileType = text.plist.xml; path = "VKClient-Info.plist"; sourceTree = "<group>"; };
		FA28502717FDFE69001D0BBB /* en */ = {isa = PBXFileReference; lastKnownFileType = text.plist.strings; name = en; path = en.lproj/InfoPlist.strings; sourceTree = "<group>"; };
		FA28502917FDFE69001D0BBB /* main.m */ = {isa = PBXFileReference; lastKnownFileType = sourcecode.c.objc; path = main.m; sourceTree = "<group>"; };
		FA28502B17FDFE69001D0BBB /* VKClient-Prefix.pch */ = {isa = PBXFileReference; lastKnownFileType = sourcecode.c.h; path = "VKClient-Prefix.pch"; sourceTree = "<group>"; };
		FA28502C17FDFE69001D0BBB /* AppDelegate.h */ = {isa = PBXFileReference; lastKnownFileType = sourcecode.c.h; path = AppDelegate.h; sourceTree = "<group>"; };
		FA28502D17FDFE69001D0BBB /* AppDelegate.m */ = {isa = PBXFileReference; lastKnownFileType = sourcecode.c.objc; path = AppDelegate.m; sourceTree = "<group>"; };
		FA28503017FDFE69001D0BBB /* Base */ = {isa = PBXFileReference; lastKnownFileType = file.storyboard; name = Base; path = Base.lproj/Main_iPhone.storyboard; sourceTree = "<group>"; };
		FA28503317FDFE69001D0BBB /* Base */ = {isa = PBXFileReference; lastKnownFileType = file.storyboard; name = Base; path = Base.lproj/Main_iPad.storyboard; sourceTree = "<group>"; };
		FA28503517FDFE69001D0BBB /* ViewController.h */ = {isa = PBXFileReference; lastKnownFileType = sourcecode.c.h; path = ViewController.h; sourceTree = "<group>"; };
		FA28503617FDFE69001D0BBB /* ViewController.m */ = {isa = PBXFileReference; lastKnownFileType = sourcecode.c.objc; path = ViewController.m; sourceTree = "<group>"; };
		FA28503817FDFE69001D0BBB /* Images.xcassets */ = {isa = PBXFileReference; lastKnownFileType = folder.assetcatalog; path = Images.xcassets; sourceTree = "<group>"; };
		FA28503E17FDFE69001D0BBB /* VKClientTests.xctest */ = {isa = PBXFileReference; explicitFileType = wrapper.cfbundle; includeInIndex = 0; path = VKClientTests.xctest; sourceTree = BUILT_PRODUCTS_DIR; };
		FA28503F17FDFE69001D0BBB /* XCTest.framework */ = {isa = PBXFileReference; lastKnownFileType = wrapper.framework; name = XCTest.framework; path = Library/Frameworks/XCTest.framework; sourceTree = DEVELOPER_DIR; };
		FA28504717FDFE6A001D0BBB /* VKClientTests-Info.plist */ = {isa = PBXFileReference; lastKnownFileType = text.plist.xml; path = "VKClientTests-Info.plist"; sourceTree = "<group>"; };
		FA28504917FDFE6A001D0BBB /* en */ = {isa = PBXFileReference; lastKnownFileType = text.plist.strings; name = en; path = en.lproj/InfoPlist.strings; sourceTree = "<group>"; };
		FA28504B17FDFE6A001D0BBB /* VKClientTests.m */ = {isa = PBXFileReference; lastKnownFileType = sourcecode.c.objc; path = VKClientTests.m; sourceTree = "<group>"; };
/* End PBXFileReference section */

/* Begin PBXFrameworksBuildPhase section */
		FA28501717FDFE69001D0BBB /* Frameworks */ = {
			isa = PBXFrameworksBuildPhase;
			buildActionMask = 2147483647;
			files = (
				FA28502017FDFE69001D0BBB /* CoreGraphics.framework in Frameworks */,
				FA28502217FDFE69001D0BBB /* UIKit.framework in Frameworks */,
				FA28501E17FDFE69001D0BBB /* Foundation.framework in Frameworks */,
			);
			runOnlyForDeploymentPostprocessing = 0;
		};
		FA28503B17FDFE69001D0BBB /* Frameworks */ = {
			isa = PBXFrameworksBuildPhase;
			buildActionMask = 2147483647;
			files = (
				FA28504017FDFE69001D0BBB /* XCTest.framework in Frameworks */,
				FA28504217FDFE69001D0BBB /* UIKit.framework in Frameworks */,
				FA28504117FDFE69001D0BBB /* Foundation.framework in Frameworks */,
			);
			runOnlyForDeploymentPostprocessing = 0;
		};
/* End PBXFrameworksBuildPhase section */

/* Begin PBXGroup section */
		FA28501117FDFE69001D0BBB = {
			isa = PBXGroup;
			children = (
				FA28502317FDFE69001D0BBB /* VKClient */,
				FA28504517FDFE6A001D0BBB /* VKClientTests */,
				FA28501C17FDFE69001D0BBB /* Frameworks */,
				FA28501B17FDFE69001D0BBB /* Products */,
			);
			sourceTree = "<group>";
		};
		FA28501B17FDFE69001D0BBB /* Products */ = {
			isa = PBXGroup;
			children = (
				FA28501A17FDFE69001D0BBB /* VKClient.app */,
				FA28503E17FDFE69001D0BBB /* VKClientTests.xctest */,
			);
			name = Products;
			sourceTree = "<group>";
		};
		FA28501C17FDFE69001D0BBB /* Frameworks */ = {
			isa = PBXGroup;
			children = (
				FA28501D17FDFE69001D0BBB /* Foundation.framework */,
				FA28501F17FDFE69001D0BBB /* CoreGraphics.framework */,
				FA28502117FDFE69001D0BBB /* UIKit.framework */,
				FA28503F17FDFE69001D0BBB /* XCTest.framework */,
			);
			name = Frameworks;
			sourceTree = "<group>";
		};
		FA28502317FDFE69001D0BBB /* VKClient */ = {
			isa = PBXGroup;
			children = (
				FA28502C17FDFE69001D0BBB /* AppDelegate.h */,
				FA28502D17FDFE69001D0BBB /* AppDelegate.m */,
				FA28502F17FDFE69001D0BBB /* Main_iPhone.storyboard */,
				FA28503217FDFE69001D0BBB /* Main_iPad.storyboard */,
				FA28503517FDFE69001D0BBB /* ViewController.h */,
				FA28503617FDFE69001D0BBB /* ViewController.m */,
				FA28503817FDFE69001D0BBB /* Images.xcassets */,
				FA28502417FDFE69001D0BBB /* Supporting Files */,
			);
			path = VKClient;
			sourceTree = "<group>";
		};
		FA28502417FDFE69001D0BBB /* Supporting Files */ = {
			isa = PBXGroup;
			children = (
				FA28502517FDFE69001D0BBB /* VKClient-Info.plist */,
				FA28502617FDFE69001D0BBB /* InfoPlist.strings */,
				FA28502917FDFE69001D0BBB /* main.m */,
				FA28502B17FDFE69001D0BBB /* VKClient-Prefix.pch */,
			);
			name = "Supporting Files";
			sourceTree = "<group>";
		};
		FA28504517FDFE6A001D0BBB /* VKClientTests */ = {
			isa = PBXGroup;
			children = (
				FA28504B17FDFE6A001D0BBB /* VKClientTests.m */,
				FA28504617FDFE6A001D0BBB /* Supporting Files */,
			);
			path = VKClientTests;
			sourceTree = "<group>";
		};
		FA28504617FDFE6A001D0BBB /* Supporting Files */ = {
			isa = PBXGroup;
			children = (
				FA28504717FDFE6A001D0BBB /* VKClientTests-Info.plist */,
				FA28504817FDFE6A001D0BBB /* InfoPlist.strings */,
			);
			name = "Supporting Files";
			sourceTree = "<group>";
		};
/* End PBXGroup section */

/* Begin PBXNativeTarget section */
		FA28501917FDFE69001D0BBB /* VKClient */ = {
			isa = PBXNativeTarget;
			buildConfigurationList = FA28504F17FDFE6A001D0BBB /* Build configuration list for PBXNativeTarget "VKClient" */;
			buildPhases = (
				FA28501617FDFE69001D0BBB /* Sources */,
				FA28501717FDFE69001D0BBB /* Frameworks */,
				FA28501817FDFE69001D0BBB /* Resources */,
			);
			buildRules = (
			);
			dependencies = (
			);
			name = VKClient;
			productName = VKClient;
			productReference = FA28501A17FDFE69001D0BBB /* VKClient.app */;
			productType = "com.apple.product-type.application";
		};
		FA28503D17FDFE69001D0BBB /* VKClientTests */ = {
			isa = PBXNativeTarget;
			buildConfigurationList = FA28505217FDFE6A001D0BBB /* Build configuration list for PBXNativeTarget "VKClientTests" */;
			buildPhases = (
				FA28503A17FDFE69001D0BBB /* Sources */,
				FA28503B17FDFE69001D0BBB /* Frameworks */,
				FA28503C17FDFE69001D0BBB /* Resources */,
			);
			buildRules = (
			);
			dependencies = (
				FA28504417FDFE6A001D0BBB /* PBXTargetDependency */,
			);
			name = VKClientTests;
			productName = VKClientTests;
			productReference = FA28503E17FDFE69001D0BBB /* VKClientTests.xctest */;
			productType = "com.apple.product-type.bundle.unit-test";
		};
/* End PBXNativeTarget section */

/* Begin PBXProject section */
		FA28501217FDFE69001D0BBB /* Project object */ = {
			isa = PBXProject;
			attributes = {
				LastUpgradeCheck = 0500;
				ORGANIZATIONNAME = "Антон Домашнев";
				TargetAttributes = {
					FA28503D17FDFE69001D0BBB = {
						TestTargetID = FA28501917FDFE69001D0BBB;
					};
				};
			};
			buildConfigurationList = FA28501517FDFE69001D0BBB /* Build configuration list for PBXProject "VKClient" */;
			compatibilityVersion = "Xcode 3.2";
			developmentRegion = English;
			hasScannedForEncodings = 0;
			knownRegions = (
				en,
				Base,
			);
			mainGroup = FA28501117FDFE69001D0BBB;
			productRefGroup = FA28501B17FDFE69001D0BBB /* Products */;
			projectDirPath = "";
			projectRoot = "";
			targets = (
				FA28501917FDFE69001D0BBB /* VKClient */,
				FA28503D17FDFE69001D0BBB /* VKClientTests */,
			);
		};
/* End PBXProject section */

/* Begin PBXResourcesBuildPhase section */
		FA28501817FDFE69001D0BBB /* Resources */ = {
			isa = PBXResourcesBuildPhase;
			buildActionMask = 2147483647;
			files = (
				FA28503417FDFE69001D0BBB /* Main_iPad.storyboard in Resources */,
				FA28503917FDFE69001D0BBB /* Images.xcassets in Resources */,
				FA28503117FDFE69001D0BBB /* Main_iPhone.storyboard in Resources */,
				FA28502817FDFE69001D0BBB /* InfoPlist.strings in Resources */,
			);
			runOnlyForDeploymentPostprocessing = 0;
		};
		FA28503C17FDFE69001D0BBB /* Resources */ = {
			isa = PBXResourcesBuildPhase;
			buildActionMask = 2147483647;
			files = (
				FA28504A17FDFE6A001D0BBB /* InfoPlist.strings in Resources */,
			);
			runOnlyForDeploymentPostprocessing = 0;
		};
/* End PBXResourcesBuildPhase section */

/* Begin PBXSourcesBuildPhase section */
		FA28501617FDFE69001D0BBB /* Sources */ = {
			isa = PBXSourcesBuildPhase;
			buildActionMask = 2147483647;
			files = (
				FA28503717FDFE69001D0BBB /* ViewController.m in Sources */,
				FA28502E17FDFE69001D0BBB /* AppDelegate.m in Sources */,
				FA28502A17FDFE69001D0BBB /* main.m in Sources */,
			);
			runOnlyForDeploymentPostprocessing = 0;
		};
		FA28503A17FDFE69001D0BBB /* Sources */ = {
			isa = PBXSourcesBuildPhase;
			buildActionMask = 2147483647;
			files = (
				FA28504C17FDFE6A001D0BBB /* VKClientTests.m in Sources */,
			);
			runOnlyForDeploymentPostprocessing = 0;
		};
/* End PBXSourcesBuildPhase section */

/* Begin PBXTargetDependency section */
		FA28504417FDFE6A001D0BBB /* PBXTargetDependency */ = {
			isa = PBXTargetDependency;
			target = FA28501917FDFE69001D0BBB /* VKClient */;
			targetProxy = FA28504317FDFE6A001D0BBB /* PBXContainerItemProxy */;
		};
/* End PBXTargetDependency section */

/* Begin PBXVariantGroup section */
		FA28502617FDFE69001D0BBB /* InfoPlist.strings */ = {
			isa = PBXVariantGroup;
			children = (
				FA28502717FDFE69001D0BBB /* en */,
			);
			name = InfoPlist.strings;
			sourceTree = "<group>";
		};
		FA28502F17FDFE69001D0BBB /* Main_iPhone.storyboard */ = {
			isa = PBXVariantGroup;
			children = (
				FA28503017FDFE69001D0BBB /* Base */,
			);
			name = Main_iPhone.storyboard;
			sourceTree = "<group>";
		};
		FA28503217FDFE69001D0BBB /* Main_iPad.storyboard */ = {
			isa = PBXVariantGroup;
			children = (
				FA28503317FDFE69001D0BBB /* Base */,
			);
			name = Main_iPad.storyboard;
			sourceTree = "<group>";
		};
		FA28504817FDFE6A001D0BBB /* InfoPlist.strings */ = {
			isa = PBXVariantGroup;
			children = (
				FA28504917FDFE6A001D0BBB /* en */,
			);
			name = InfoPlist.strings;
			sourceTree = "<group>";
		};
/* End PBXVariantGroup section */

/* Begin XCBuildConfiguration section */
		FA28504D17FDFE6A001D0BBB /* Debug */ = {
			isa = XCBuildConfiguration;
			buildSettings = {
				ALWAYS_SEARCH_USER_PATHS = NO;
				ARCHS = "$(ARCHS_STANDARD_INCLUDING_64_BIT)";
				CLANG_CXX_LANGUAGE_STANDARD = "gnu++0x";
				CLANG_CXX_LIBRARY = "libc++";
				CLANG_ENABLE_MODULES = YES;
				CLANG_ENABLE_OBJC_ARC = YES;
				CLANG_WARN_BOOL_CONVERSION = YES;
				CLANG_WARN_CONSTANT_CONVERSION = YES;
				CLANG_WARN_DIRECT_OBJC_ISA_USAGE = YES_ERROR;
				CLANG_WARN_EMPTY_BODY = YES;
				CLANG_WARN_ENUM_CONVERSION = YES;
				CLANG_WARN_INT_CONVERSION = YES;
				CLANG_WARN_OBJC_ROOT_CLASS = YES_ERROR;
				CLANG_WARN__DUPLICATE_METHOD_MATCH = YES;
				"CODE_SIGN_IDENTITY[sdk=iphoneos*]" = "iPhone Developer";
				COPY_PHASE_STRIP = NO;
				GCC_C_LANGUAGE_STANDARD = gnu99;
				GCC_DYNAMIC_NO_PIC = NO;
				GCC_OPTIMIZATION_LEVEL = 0;
				GCC_PREPROCESSOR_DEFINITIONS = (
					"DEBUG=1",
					"$(inherited)",
				);
				GCC_SYMBOLS_PRIVATE_EXTERN = NO;
				GCC_WARN_64_TO_32_BIT_CONVERSION = YES;
				GCC_WARN_ABOUT_RETURN_TYPE = YES_ERROR;
				GCC_WARN_UNDECLARED_SELECTOR = YES;
				GCC_WARN_UNINITIALIZED_AUTOS = YES;
				GCC_WARN_UNUSED_FUNCTION = YES;
				GCC_WARN_UNUSED_VARIABLE = YES;
				IPHONEOS_DEPLOYMENT_TARGET = 7.0;
				ONLY_ACTIVE_ARCH = YES;
				SDKROOT = iphoneos;
				TARGETED_DEVICE_FAMILY = "1,2";
			};
			name = Debug;
		};
		FA28504E17FDFE6A001D0BBB /* Release */ = {
			isa = XCBuildConfiguration;
			buildSettings = {
				ALWAYS_SEARCH_USER_PATHS = NO;
				ARCHS = "$(ARCHS_STANDARD_INCLUDING_64_BIT)";
				CLANG_CXX_LANGUAGE_STANDARD = "gnu++0x";
				CLANG_CXX_LIBRARY = "libc++";
				CLANG_ENABLE_MODULES = YES;
				CLANG_ENABLE_OBJC_ARC = YES;
				CLANG_WARN_BOOL_CONVERSION = YES;
				CLANG_WARN_CONSTANT_CONVERSION = YES;
				CLANG_WARN_DIRECT_OBJC_ISA_USAGE = YES_ERROR;
				CLANG_WARN_EMPTY_BODY = YES;
				CLANG_WARN_ENUM_CONVERSION = YES;
				CLANG_WARN_INT_CONVERSION = YES;
				CLANG_WARN_OBJC_ROOT_CLASS = YES_ERROR;
				CLANG_WARN__DUPLICATE_METHOD_MATCH = YES;
				"CODE_SIGN_IDENTITY[sdk=iphoneos*]" = "iPhone Developer";
				COPY_PHASE_STRIP = YES;
				ENABLE_NS_ASSERTIONS = NO;
				GCC_C_LANGUAGE_STANDARD = gnu99;
				GCC_WARN_64_TO_32_BIT_CONVERSION = YES;
				GCC_WARN_ABOUT_RETURN_TYPE = YES_ERROR;
				GCC_WARN_UNDECLARED_SELECTOR = YES;
				GCC_WARN_UNINITIALIZED_AUTOS = YES;
				GCC_WARN_UNUSED_FUNCTION = YES;
				GCC_WARN_UNUSED_VARIABLE = YES;
				IPHONEOS_DEPLOYMENT_TARGET = 7.0;
				SDKROOT = iphoneos;
				TARGETED_DEVICE_FAMILY = "1,2";
				VALIDATE_PRODUCT = YES;
			};
			name = Release;
		};
		FA28505017FDFE6A001D0BBB /* Debug */ = {
			isa = XCBuildConfiguration;
			buildSettings = {
				ASSETCATALOG_COMPILER_APPICON_NAME = AppIcon;
				ASSETCATALOG_COMPILER_LAUNCHIMAGE_NAME = LaunchImage;
				GCC_PRECOMPILE_PREFIX_HEADER = YES;
				GCC_PREFIX_HEADER = "VKClient/VKClient-Prefix.pch";
				INFOPLIST_FILE = "VKClient/VKClient-Info.plist";
				PRODUCT_NAME = "$(TARGET_NAME)";
				WRAPPER_EXTENSION = app;
			};
			name = Debug;
		};
		FA28505117FDFE6A001D0BBB /* Release */ = {
			isa = XCBuildConfiguration;
			buildSettings = {
				ASSETCATALOG_COMPILER_APPICON_NAME = AppIcon;
				ASSETCATALOG_COMPILER_LAUNCHIMAGE_NAME = LaunchImage;
				GCC_PRECOMPILE_PREFIX_HEADER = YES;
				GCC_PREFIX_HEADER = "VKClient/VKClient-Prefix.pch";
				INFOPLIST_FILE = "VKClient/VKClient-Info.plist";
				PRODUCT_NAME = "$(TARGET_NAME)";
				WRAPPER_EXTENSION = app;
			};
			name = Release;
		};
		FA28505317FDFE6A001D0BBB /* Debug */ = {
			isa = XCBuildConfiguration;
			buildSettings = {
				ARCHS = "$(ARCHS_STANDARD_INCLUDING_64_BIT)";
				BUNDLE_LOADER = "$(BUILT_PRODUCTS_DIR)/VKClient.app/VKClient";
				FRAMEWORK_SEARCH_PATHS = (
					"$(SDKROOT)/Developer/Library/Frameworks",
					"$(inherited)",
					"$(DEVELOPER_FRAMEWORKS_DIR)",
				);
				GCC_PRECOMPILE_PREFIX_HEADER = YES;
				GCC_PREFIX_HEADER = "VKClient/VKClient-Prefix.pch";
				GCC_PREPROCESSOR_DEFINITIONS = (
					"DEBUG=1",
					"$(inherited)",
				);
				INFOPLIST_FILE = "VKClientTests/VKClientTests-Info.plist";
				PRODUCT_NAME = "$(TARGET_NAME)";
				TEST_HOST = "$(BUNDLE_LOADER)";
				WRAPPER_EXTENSION = xctest;
			};
			name = Debug;
		};
		FA28505417FDFE6A001D0BBB /* Release */ = {
			isa = XCBuildConfiguration;
			buildSettings = {
				ARCHS = "$(ARCHS_STANDARD_INCLUDING_64_BIT)";
				BUNDLE_LOADER = "$(BUILT_PRODUCTS_DIR)/VKClient.app/VKClient";
				FRAMEWORK_SEARCH_PATHS = (
					"$(SDKROOT)/Developer/Library/Frameworks",
					"$(inherited)",
					"$(DEVELOPER_FRAMEWORKS_DIR)",
				);
				GCC_PRECOMPILE_PREFIX_HEADER = YES;
				GCC_PREFIX_HEADER = "VKClient/VKClient-Prefix.pch";
				INFOPLIST_FILE = "VKClientTests/VKClientTests-Info.plist";
				PRODUCT_NAME = "$(TARGET_NAME)";
				TEST_HOST = "$(BUNDLE_LOADER)";
				WRAPPER_EXTENSION = xctest;
			};
			name = Release;
		};
/* End XCBuildConfiguration section */

/* Begin XCConfigurationList section */
		FA28501517FDFE69001D0BBB /* Build configuration list for PBXProject "VKClient" */ = {
			isa = XCConfigurationList;
			buildConfigurations = (
				FA28504D17FDFE6A001D0BBB /* Debug */,
				FA28504E17FDFE6A001D0BBB /* Release */,
			);
			defaultConfigurationIsVisible = 0;
			defaultConfigurationName = Release;
		};
		FA28504F17FDFE6A001D0BBB /* Build configuration list for PBXNativeTarget "VKClient" */ = {
			isa = XCConfigurationList;
			buildConfigurations = (
				FA28505017FDFE6A001D0BBB /* Debug */,
				FA28505117FDFE6A001D0BBB /* Release */,
			);
			defaultConfigurationIsVisible = 0;
		};
		FA28505217FDFE6A001D0BBB /* Build configuration list for PBXNativeTarget "VKClientTests" */ = {
			isa = XCConfigurationList;
			buildConfigurations = (
				FA28505317FDFE6A001D0BBB /* Debug */,
				FA28505417FDFE6A001D0BBB /* Release */,
			);
			defaultConfigurationIsVisible = 0;
		};
/* End XCConfigurationList section */
	};
	rootObject = FA28501217FDFE69001D0BBB /* Project object */;
}
